
Microsoft Visual Studio Solution File, Format Version 12.00
# Visual Studio 2013
VisualStudioVersion = 12.0.40629.0
MinimumVisualStudioVersion = 10.0.40219.1
Project("{2150E333-8FDC-42A3-9474-1A3956D46DE8}") = "ABPFramework", "ABPFramework", "{22000CFA-C1DC-4EBF-B900-C580F06E31CD}"
EndProject
Project("{2150E333-8FDC-42A3-9474-1A3956D46DE8}") = "BlogModule", "BlogModule", "{F16105F1-D51F-4DAF-A6C1-72B7B2B00ADC}"
EndProject
Project("{2150E333-8FDC-42A3-9474-1A3956D46DE8}") = "QuestionModule", "QuestionModule", "{6AE4CBAA-EC4C-4CCE-8E5B-35CC1E2606B4}"
EndProject
Project("{2150E333-8FDC-42A3-9474-1A3956D46DE8}") = "SimpleTaskSystem", "SimpleTaskSystem", "{429C3D03-C2B0-4E42-8496-1A3FAAA96CEB}"
EndProject
Project("{2150E333-8FDC-42A3-9474-1A3956D46DE8}") = "ZeroModule", "ZeroModule", "{E973B8E6-4308-42E8-8E37-460D40C21045}"
EndProject
Project("{FAE04EC0-301F-11D3-BF4B-00C04F79EFBC}") = "Abp", "ABPFramework\Abp\Abp.csproj", "{2C221D3B-5F54-4C5B-8082-318636415132}"
EndProject
Project("{FAE04EC0-301F-11D3-BF4B-00C04F79EFBC}") = "Abp.AutoMapper", "ABPFramework\Abp.AutoMapper\Abp.AutoMapper.csproj", "{06EB5F7C-B974-4775-A305-F175D645F7C9}"
EndProject
Project("{FAE04EC0-301F-11D3-BF4B-00C04F79EFBC}") = "Abp.EntityFramework", "ABPFramework\Abp.EntityFramework\Abp.EntityFramework.csproj", "{948F0CAF-3382-4E03-9A0F-0DDB206FE40D}"
EndProject
Project("{FAE04EC0-301F-11D3-BF4B-00C04F79EFBC}") = "Abp.FluentMigrator", "ABPFramework\Abp.FluentMigrator\Abp.FluentMigrator.csproj", "{908717CC-C284-4C88-A13C-32B62674845D}"
EndProject
Project("{FAE04EC0-301F-11D3-BF4B-00C04F79EFBC}") = "Abp.MemoryDb", "ABPFramework\Abp.MemoryDb\Abp.MemoryDb.csproj", "{4DF45D0E-A50F-4FD0-8B4D-2548B256994F}"
EndProject
Project("{FAE04EC0-301F-11D3-BF4B-00C04F79EFBC}") = "Abp.MongoDB", "ABPFramework\Abp.MongoDB\Abp.MongoDB.csproj", "{B71E5928-F956-480C-B6FF-18B65C013A59}"
EndProject
Project("{FAE04EC0-301F-11D3-BF4B-00C04F79EFBC}") = "Abp.NHibernate", "ABPFramework\Abp.NHibernate\Abp.NHibernate.csproj", "{47853DCA-C058-42F4-B020-E9AC659C9204}"
EndProject
Project("{FAE04EC0-301F-11D3-BF4B-00C04F79EFBC}") = "Abp.RedisCache", "ABPFramework\Abp.RedisCache\Abp.RedisCache.csproj", "{F4A8466E-4E68-4D6F-81D4-7F0892B9B5E0}"
EndProject
Project("{FAE04EC0-301F-11D3-BF4B-00C04F79EFBC}") = "Abp.Web", "ABPFramework\Abp.Web\Abp.Web.csproj", "{D37C09D8-2F18-4F0B-A4D3-7A12C124E070}"
EndProject
Project("{FAE04EC0-301F-11D3-BF4B-00C04F79EFBC}") = "Abp.Web.Api", "ABPFramework\Abp.Web.Api\Abp.Web.Api.csproj", "{71962F97-5E4B-465C-9A21-2153D31992CF}"
EndProject
Project("{FAE04EC0-301F-11D3-BF4B-00C04F79EFBC}") = "Abp.Web.Mvc", "ABPFramework\Abp.Web.Mvc\Abp.Web.Mvc.csproj", "{78FC0C9B-C5A9-4900-9A46-A8F544AC5343}"
EndProject
Project("{FAE04EC0-301F-11D3-BF4B-00C04F79EFBC}") = "Abp.Web.Resources", "ABPFramework\Abp.Web.Resources\Abp.Web.Resources.csproj", "{9003DDA9-1DD5-41A1-B907-6F378767C441}"
EndProject
Project("{2150E333-8FDC-42A3-9474-1A3956D46DE8}") = ".nuget", ".nuget", "{73E29896-08A2-4C4A-BDC8-DEECC4C2A4E3}"
	ProjectSection(SolutionItems) = preProject
		.nuget\NuGet.Config = .nuget\NuGet.Config
		.nuget\NuGet.exe = .nuget\NuGet.exe
		.nuget\NuGet.targets = .nuget\NuGet.targets
	EndProjectSection
EndProject
Project("{FAE04EC0-301F-11D3-BF4B-00C04F79EFBC}") = "Abp.Zero", "ZeroModule\Abp.Zero\Abp.Zero.csproj", "{70D916F2-9BFF-43DA-B3F7-3E0655114D48}"
EndProject
Project("{FAE04EC0-301F-11D3-BF4B-00C04F79EFBC}") = "Abp.Zero.EntityFramework", "ZeroModule\Abp.Zero.EntityFramework\Abp.Zero.EntityFramework.csproj", "{B728E703-345B-4553-A8B0-B28BB6738688}"
EndProject
Project("{FAE04EC0-301F-11D3-BF4B-00C04F79EFBC}") = "Abp.Zero.Ldap", "ZeroModule\Abp.Zero.Ldap\Abp.Zero.Ldap.csproj", "{587409A2-2470-4CC4-8F81-DB0A2B3E57A5}"
EndProject
Project("{FAE04EC0-301F-11D3-BF4B-00C04F79EFBC}") = "ModuleZeroSampleProject.Core", "QuestionModule\ModuleZeroSampleProject.Core\ModuleZeroSampleProject.Core.csproj", "{17298EA0-AF73-4F30-B6F1-2066100D7D74}"
EndProject
Project("{FAE04EC0-301F-11D3-BF4B-00C04F79EFBC}") = "ModuleZeroSampleProject.EntityFramework", "QuestionModule\ModuleZeroSampleProject.EntityFramework\ModuleZeroSampleProject.EntityFramework.csproj", "{3979F157-DEB0-4878-AB1D-4CEF6B5A1300}"
EndProject
Project("{FAE04EC0-301F-11D3-BF4B-00C04F79EFBC}") = "ModuleZeroSampleProject.Web", "QuestionModule\ModuleZeroSampleProject.Web\ModuleZeroSampleProject.Web.csproj", "{897F6FD8-6F90-48E4-95A5-B4429B896205}"
EndProject
Project("{FAE04EC0-301F-11D3-BF4B-00C04F79EFBC}") = "ModuleZeroSampleProject.Application", "QuestionModule\ModuleZeroSampleProject.Application\ModuleZeroSampleProject.Application.csproj", "{EDF5D964-4C0F-4F19-B674-58A38A5E5401}"
EndProject
Project("{FAE04EC0-301F-11D3-BF4B-00C04F79EFBC}") = "ModuleZeroSampleProject.WebApi", "QuestionModule\ModuleZeroSampleProject.WebApi\ModuleZeroSampleProject.WebApi.csproj", "{5EB52D3D-09FD-463A-B02A-8D9856BD3724}"
EndProject
Project("{FAE04EC0-301F-11D3-BF4B-00C04F79EFBC}") = "SimpleTaskSystem.Core", "SimpleTaskSystem\SimpleTaskSystem.Core\SimpleTaskSystem.Core.csproj", "{06151055-5B80-4085-BF67-3602A90399AE}"
EndProject
Project("{FAE04EC0-301F-11D3-BF4B-00C04F79EFBC}") = "SimpleTaskSystem.EntityFramework", "SimpleTaskSystem\SimpleTaskSystem.EntityFramework\SimpleTaskSystem.EntityFramework.csproj", "{9642D599-2957-4C2C-AC82-1A86311563B4}"
EndProject
Project("{FAE04EC0-301F-11D3-BF4B-00C04F79EFBC}") = "SimpleTaskSystem.Application", "SimpleTaskSystem\SimpleTaskSystem.Application\SimpleTaskSystem.Application.csproj", "{945306AE-194A-44D0-A7D9-EC2468123743}"
EndProject
Project("{FAE04EC0-301F-11D3-BF4B-00C04F79EFBC}") = "SimpleTaskSystem.WebApi", "SimpleTaskSystem\SimpleTaskSystem.WebApi\SimpleTaskSystem.WebApi.csproj", "{3F64ECDF-6090-4D09-AD28-D648617CA4E3}"
EndProject
Project("{FAE04EC0-301F-11D3-BF4B-00C04F79EFBC}") = "SimpleTaskSystem.WebSpaAngular", "SimpleTaskSystem\SimpleTaskSystem.WebSpaAngular\SimpleTaskSystem.WebSpaAngular.csproj", "{03D35DC0-51F6-4984-B4D0-EF2A9A09F762}"
EndProject
Project("{FAE04EC0-301F-11D3-BF4B-00C04F79EFBC}") = "Abp.Samples.Blog.Core", "BlogModule\Abp.Samples.Blog.Core\Abp.Samples.Blog.Core.csproj", "{CF891696-558F-47E4-A092-28A2565B9310}"
EndProject
Project("{FAE04EC0-301F-11D3-BF4B-00C04F79EFBC}") = "Abp.Samples.Blog.EntityFramework", "BlogModule\Abp.Samples.Blog.EntityFramework\Abp.Samples.Blog.EntityFramework.csproj", "{737125E6-9615-4734-B6A7-9771843BC2FD}"
EndProject
Project("{FAE04EC0-301F-11D3-BF4B-00C04F79EFBC}") = "Abp.Samples.Blog.Application", "BlogModule\Abp.Samples.Blog.Application\Abp.Samples.Blog.Application.csproj", "{167E2EB1-C7A2-4182-93E7-C64230CED65D}"
EndProject
Project("{FAE04EC0-301F-11D3-BF4B-00C04F79EFBC}") = "Abp.Samples.Blog.Web", "BlogModule\Abp.Samples.Blog.Web\Abp.Samples.Blog.Web.csproj", "{4C43484F-55A6-46B0-A11E-4EE0F62B7322}"
EndProject
Project("{FAE04EC0-301F-11D3-BF4B-00C04F79EFBC}") = "SampleApplication", "BlogModule\SampleApplication\SampleApplication.csproj", "{2970E429-D662-401E-817B-BD36AF46DE8C}"
EndProject
Project("{FAE04EC0-301F-11D3-BF4B-00C04F79EFBC}") = "Abp.Samples.Blog.Tests", "BlogModule\Abp.Samples.Blog.Tests\Abp.Samples.Blog.Tests.csproj", "{0FD1B299-9019-4572-B106-902C2AD3DC93}"
EndProject
Project("{2150E333-8FDC-42A3-9474-1A3956D46DE8}") = "TestBase", "TestBase", "{10D49FFA-92D7-4BD8-98A3-67AC0B254073}"
EndProject
Project("{FAE04EC0-301F-11D3-BF4B-00C04F79EFBC}") = "Abp.TestBase", "ABPFramework\TestBase\Abp.TestBase\Abp.TestBase.csproj", "{F554B0EF-ACF4-4F72-B711-EF36559DCE43}"
EndProject
Global
	GlobalSection(SolutionConfigurationPlatforms) = preSolution
		Debug|Any CPU = Debug|Any CPU
		Release|Any CPU = Release|Any CPU
	EndGlobalSection
	GlobalSection(ProjectConfigurationPlatforms) = postSolution
		{2C221D3B-5F54-4C5B-8082-318636415132}.Debug|Any CPU.ActiveCfg = Debug|Any CPU
		{2C221D3B-5F54-4C5B-8082-318636415132}.Debug|Any CPU.Build.0 = Debug|Any CPU
		{2C221D3B-5F54-4C5B-8082-318636415132}.Release|Any CPU.ActiveCfg = Release|Any CPU
		{2C221D3B-5F54-4C5B-8082-318636415132}.Release|Any CPU.Build.0 = Release|Any CPU
		{06EB5F7C-B974-4775-A305-F175D645F7C9}.Debug|Any CPU.ActiveCfg = Debug|Any CPU
		{06EB5F7C-B974-4775-A305-F175D645F7C9}.Debug|Any CPU.Build.0 = Debug|Any CPU
		{06EB5F7C-B974-4775-A305-F175D645F7C9}.Release|Any CPU.ActiveCfg = Release|Any CPU
		{06EB5F7C-B974-4775-A305-F175D645F7C9}.Release|Any CPU.Build.0 = Release|Any CPU
		{948F0CAF-3382-4E03-9A0F-0DDB206FE40D}.Debug|Any CPU.ActiveCfg = Debug|Any CPU
		{948F0CAF-3382-4E03-9A0F-0DDB206FE40D}.Debug|Any CPU.Build.0 = Debug|Any CPU
		{948F0CAF-3382-4E03-9A0F-0DDB206FE40D}.Release|Any CPU.ActiveCfg = Release|Any CPU
		{948F0CAF-3382-4E03-9A0F-0DDB206FE40D}.Release|Any CPU.Build.0 = Release|Any CPU
		{908717CC-C284-4C88-A13C-32B62674845D}.Debug|Any CPU.ActiveCfg = Debug|Any CPU
		{908717CC-C284-4C88-A13C-32B62674845D}.Debug|Any CPU.Build.0 = Debug|Any CPU
		{908717CC-C284-4C88-A13C-32B62674845D}.Release|Any CPU.ActiveCfg = Release|Any CPU
		{908717CC-C284-4C88-A13C-32B62674845D}.Release|Any CPU.Build.0 = Release|Any CPU
		{4DF45D0E-A50F-4FD0-8B4D-2548B256994F}.Debug|Any CPU.ActiveCfg = Debug|Any CPU
		{4DF45D0E-A50F-4FD0-8B4D-2548B256994F}.Debug|Any CPU.Build.0 = Debug|Any CPU
		{4DF45D0E-A50F-4FD0-8B4D-2548B256994F}.Release|Any CPU.ActiveCfg = Release|Any CPU
		{4DF45D0E-A50F-4FD0-8B4D-2548B256994F}.Release|Any CPU.Build.0 = Release|Any CPU
		{B71E5928-F956-480C-B6FF-18B65C013A59}.Debug|Any CPU.ActiveCfg = Debug|Any CPU
		{B71E5928-F956-480C-B6FF-18B65C013A59}.Debug|Any CPU.Build.0 = Debug|Any CPU
		{B71E5928-F956-480C-B6FF-18B65C013A59}.Release|Any CPU.ActiveCfg = Release|Any CPU
		{B71E5928-F956-480C-B6FF-18B65C013A59}.Release|Any CPU.Build.0 = Release|Any CPU
		{47853DCA-C058-42F4-B020-E9AC659C9204}.Debug|Any CPU.ActiveCfg = Debug|Any CPU
		{47853DCA-C058-42F4-B020-E9AC659C9204}.Debug|Any CPU.Build.0 = Debug|Any CPU
		{47853DCA-C058-42F4-B020-E9AC659C9204}.Release|Any CPU.ActiveCfg = Release|Any CPU
		{47853DCA-C058-42F4-B020-E9AC659C9204}.Release|Any CPU.Build.0 = Release|Any CPU
		{F4A8466E-4E68-4D6F-81D4-7F0892B9B5E0}.Debug|Any CPU.ActiveCfg = Debug|Any CPU
		{F4A8466E-4E68-4D6F-81D4-7F0892B9B5E0}.Debug|Any CPU.Build.0 = Debug|Any CPU
		{F4A8466E-4E68-4D6F-81D4-7F0892B9B5E0}.Release|Any CPU.ActiveCfg = Release|Any CPU
		{F4A8466E-4E68-4D6F-81D4-7F0892B9B5E0}.Release|Any CPU.Build.0 = Release|Any CPU
		{D37C09D8-2F18-4F0B-A4D3-7A12C124E070}.Debug|Any CPU.ActiveCfg = Debug|Any CPU
		{D37C09D8-2F18-4F0B-A4D3-7A12C124E070}.Debug|Any CPU.Build.0 = Debug|Any CPU
		{D37C09D8-2F18-4F0B-A4D3-7A12C124E070}.Release|Any CPU.ActiveCfg = Release|Any CPU
		{D37C09D8-2F18-4F0B-A4D3-7A12C124E070}.Release|Any CPU.Build.0 = Release|Any CPU
		{71962F97-5E4B-465C-9A21-2153D31992CF}.Debug|Any CPU.ActiveCfg = Debug|Any CPU
		{71962F97-5E4B-465C-9A21-2153D31992CF}.Debug|Any CPU.Build.0 = Debug|Any CPU
		{71962F97-5E4B-465C-9A21-2153D31992CF}.Release|Any CPU.ActiveCfg = Release|Any CPU
		{71962F97-5E4B-465C-9A21-2153D31992CF}.Release|Any CPU.Build.0 = Release|Any CPU
		{78FC0C9B-C5A9-4900-9A46-A8F544AC5343}.Debug|Any CPU.ActiveCfg = Debug|Any CPU
		{78FC0C9B-C5A9-4900-9A46-A8F544AC5343}.Debug|Any CPU.Build.0 = Debug|Any CPU
		{78FC0C9B-C5A9-4900-9A46-A8F544AC5343}.Release|Any CPU.ActiveCfg = Release|Any CPU
		{78FC0C9B-C5A9-4900-9A46-A8F544AC5343}.Release|Any CPU.Build.0 = Release|Any CPU
		{9003DDA9-1DD5-41A1-B907-6F378767C441}.Debug|Any CPU.ActiveCfg = Debug|Any CPU
		{9003DDA9-1DD5-41A1-B907-6F378767C441}.Debug|Any CPU.Build.0 = Debug|Any CPU
		{9003DDA9-1DD5-41A1-B907-6F378767C441}.Release|Any CPU.ActiveCfg = Release|Any CPU
		{9003DDA9-1DD5-41A1-B907-6F378767C441}.Release|Any CPU.Build.0 = Release|Any CPU
		{70D916F2-9BFF-43DA-B3F7-3E0655114D48}.Debug|Any CPU.ActiveCfg = Debug|Any CPU
		{70D916F2-9BFF-43DA-B3F7-3E0655114D48}.Debug|Any CPU.Build.0 = Debug|Any CPU
		{70D916F2-9BFF-43DA-B3F7-3E0655114D48}.Release|Any CPU.ActiveCfg = Release|Any CPU
		{70D916F2-9BFF-43DA-B3F7-3E0655114D48}.Release|Any CPU.Build.0 = Release|Any CPU
		{B728E703-345B-4553-A8B0-B28BB6738688}.Debug|Any CPU.ActiveCfg = Debug|Any CPU
		{B728E703-345B-4553-A8B0-B28BB6738688}.Debug|Any CPU.Build.0 = Debug|Any CPU
		{B728E703-345B-4553-A8B0-B28BB6738688}.Release|Any CPU.ActiveCfg = Release|Any CPU
		{B728E703-345B-4553-A8B0-B28BB6738688}.Release|Any CPU.Build.0 = Release|Any CPU
		{587409A2-2470-4CC4-8F81-DB0A2B3E57A5}.Debug|Any CPU.ActiveCfg = Debug|Any CPU
		{587409A2-2470-4CC4-8F81-DB0A2B3E57A5}.Debug|Any CPU.Build.0 = Debug|Any CPU
		{587409A2-2470-4CC4-8F81-DB0A2B3E57A5}.Release|Any CPU.ActiveCfg = Release|Any CPU
		{587409A2-2470-4CC4-8F81-DB0A2B3E57A5}.Release|Any CPU.Build.0 = Release|Any CPU
		{17298EA0-AF73-4F30-B6F1-2066100D7D74}.Debug|Any CPU.ActiveCfg = Debug|Any CPU
		{17298EA0-AF73-4F30-B6F1-2066100D7D74}.Debug|Any CPU.Build.0 = Debug|Any CPU
		{17298EA0-AF73-4F30-B6F1-2066100D7D74}.Release|Any CPU.ActiveCfg = Release|Any CPU
		{17298EA0-AF73-4F30-B6F1-2066100D7D74}.Release|Any CPU.Build.0 = Release|Any CPU
		{3979F157-DEB0-4878-AB1D-4CEF6B5A1300}.Debug|Any CPU.ActiveCfg = Debug|Any CPU
		{3979F157-DEB0-4878-AB1D-4CEF6B5A1300}.Debug|Any CPU.Build.0 = Debug|Any CPU
		{3979F157-DEB0-4878-AB1D-4CEF6B5A1300}.Release|Any CPU.ActiveCfg = Release|Any CPU
		{3979F157-DEB0-4878-AB1D-4CEF6B5A1300}.Release|Any CPU.Build.0 = Release|Any CPU
		{897F6FD8-6F90-48E4-95A5-B4429B896205}.Debug|Any CPU.ActiveCfg = Debug|Any CPU
		{897F6FD8-6F90-48E4-95A5-B4429B896205}.Debug|Any CPU.Build.0 = Debug|Any CPU
		{897F6FD8-6F90-48E4-95A5-B4429B896205}.Release|Any CPU.ActiveCfg = Release|Any CPU
		{897F6FD8-6F90-48E4-95A5-B4429B896205}.Release|Any CPU.Build.0 = Release|Any CPU
		{EDF5D964-4C0F-4F19-B674-58A38A5E5401}.Debug|Any CPU.ActiveCfg = Debug|Any CPU
		{EDF5D964-4C0F-4F19-B674-58A38A5E5401}.Debug|Any CPU.Build.0 = Debug|Any CPU
		{EDF5D964-4C0F-4F19-B674-58A38A5E5401}.Release|Any CPU.ActiveCfg = Release|Any CPU
		{EDF5D964-4C0F-4F19-B674-58A38A5E5401}.Release|Any CPU.Build.0 = Release|Any CPU
		{5EB52D3D-09FD-463A-B02A-8D9856BD3724}.Debug|Any CPU.ActiveCfg = Debug|Any CPU
		{5EB52D3D-09FD-463A-B02A-8D9856BD3724}.Debug|Any CPU.Build.0 = Debug|Any CPU
		{5EB52D3D-09FD-463A-B02A-8D9856BD3724}.Release|Any CPU.ActiveCfg = Release|Any CPU
		{5EB52D3D-09FD-463A-B02A-8D9856BD3724}.Release|Any CPU.Build.0 = Release|Any CPU
		{06151055-5B80-4085-BF67-3602A90399AE}.Debug|Any CPU.ActiveCfg = Debug|Any CPU
		{06151055-5B80-4085-BF67-3602A90399AE}.Debug|Any CPU.Build.0 = Debug|Any CPU
		{06151055-5B80-4085-BF67-3602A90399AE}.Release|Any CPU.ActiveCfg = Release|Any CPU
		{06151055-5B80-4085-BF67-3602A90399AE}.Release|Any CPU.Build.0 = Release|Any CPU
		{9642D599-2957-4C2C-AC82-1A86311563B4}.Debug|Any CPU.ActiveCfg = Debug|Any CPU
		{9642D599-2957-4C2C-AC82-1A86311563B4}.Debug|Any CPU.Build.0 = Debug|Any CPU
		{9642D599-2957-4C2C-AC82-1A86311563B4}.Release|Any CPU.ActiveCfg = Release|Any CPU
		{9642D599-2957-4C2C-AC82-1A86311563B4}.Release|Any CPU.Build.0 = Release|Any CPU
		{945306AE-194A-44D0-A7D9-EC2468123743}.Debug|Any CPU.ActiveCfg = Debug|Any CPU
		{945306AE-194A-44D0-A7D9-EC2468123743}.Debug|Any CPU.Build.0 = Debug|Any CPU
		{945306AE-194A-44D0-A7D9-EC2468123743}.Release|Any CPU.ActiveCfg = Release|Any CPU
		{945306AE-194A-44D0-A7D9-EC2468123743}.Release|Any CPU.Build.0 = Release|Any CPU
		{3F64ECDF-6090-4D09-AD28-D648617CA4E3}.Debug|Any CPU.ActiveCfg = Debug|Any CPU
		{3F64ECDF-6090-4D09-AD28-D648617CA4E3}.Debug|Any CPU.Build.0 = Debug|Any CPU
		{3F64ECDF-6090-4D09-AD28-D648617CA4E3}.Release|Any CPU.ActiveCfg = Release|Any CPU
		{3F64ECDF-6090-4D09-AD28-D648617CA4E3}.Release|Any CPU.Build.0 = Release|Any CPU
		{03D35DC0-51F6-4984-B4D0-EF2A9A09F762}.Debug|Any CPU.ActiveCfg = Debug|Any CPU
		{03D35DC0-51F6-4984-B4D0-EF2A9A09F762}.Debug|Any CPU.Build.0 = Debug|Any CPU
		{03D35DC0-51F6-4984-B4D0-EF2A9A09F762}.Release|Any CPU.ActiveCfg = Release|Any CPU
		{03D35DC0-51F6-4984-B4D0-EF2A9A09F762}.Release|Any CPU.Build.0 = Release|Any CPU
		{CF891696-558F-47E4-A092-28A2565B9310}.Debug|Any CPU.ActiveCfg = Debug|Any CPU
		{CF891696-558F-47E4-A092-28A2565B9310}.Debug|Any CPU.Build.0 = Debug|Any CPU
		{CF891696-558F-47E4-A092-28A2565B9310}.Release|Any CPU.ActiveCfg = Release|Any CPU
		{CF891696-558F-47E4-A092-28A2565B9310}.Release|Any CPU.Build.0 = Release|Any CPU
		{737125E6-9615-4734-B6A7-9771843BC2FD}.Debug|Any CPU.ActiveCfg = Debug|Any CPU
		{737125E6-9615-4734-B6A7-9771843BC2FD}.Debug|Any CPU.Build.0 = Debug|Any CPU
		{737125E6-9615-4734-B6A7-9771843BC2FD}.Release|Any CPU.ActiveCfg = Release|Any CPU
		{737125E6-9615-4734-B6A7-9771843BC2FD}.Release|Any CPU.Build.0 = Release|Any CPU
		{167E2EB1-C7A2-4182-93E7-C64230CED65D}.Debug|Any CPU.ActiveCfg = Debug|Any CPU
		{167E2EB1-C7A2-4182-93E7-C64230CED65D}.Debug|Any CPU.Build.0 = Debug|Any CPU
		{167E2EB1-C7A2-4182-93E7-C64230CED65D}.Release|Any CPU.ActiveCfg = Release|Any CPU
		{167E2EB1-C7A2-4182-93E7-C64230CED65D}.Release|Any CPU.Build.0 = Release|Any CPU
		{4C43484F-55A6-46B0-A11E-4EE0F62B7322}.Debug|Any CPU.ActiveCfg = Debug|Any CPU
		{4C43484F-55A6-46B0-A11E-4EE0F62B7322}.Debug|Any CPU.Build.0 = Debug|Any CPU
		{4C43484F-55A6-46B0-A11E-4EE0F62B7322}.Release|Any CPU.ActiveCfg = Release|Any CPU
		{4C43484F-55A6-46B0-A11E-4EE0F62B7322}.Release|Any CPU.Build.0 = Release|Any CPU
		{2970E429-D662-401E-817B-BD36AF46DE8C}.Debug|Any CPU.ActiveCfg = Debug|Any CPU
		{2970E429-D662-401E-817B-BD36AF46DE8C}.Debug|Any CPU.Build.0 = Debug|Any CPU
		{2970E429-D662-401E-817B-BD36AF46DE8C}.Release|Any CPU.ActiveCfg = Release|Any CPU
		{2970E429-D662-401E-817B-BD36AF46DE8C}.Release|Any CPU.Build.0 = Release|Any CPU
		{0FD1B299-9019-4572-B106-902C2AD3DC93}.Debug|Any CPU.ActiveCfg = Debug|Any CPU
		{0FD1B299-9019-4572-B106-902C2AD3DC93}.Debug|Any CPU.Build.0 = Debug|Any CPU
		{0FD1B299-9019-4572-B106-902C2AD3DC93}.Release|Any CPU.ActiveCfg = Release|Any CPU
		{0FD1B299-9019-4572-B106-902C2AD3DC93}.Release|Any CPU.Build.0 = Release|Any CPU
		{F554B0EF-ACF4-4F72-B711-EF36559DCE43}.Debug|Any CPU.ActiveCfg = Debug|Any CPU
		{F554B0EF-ACF4-4F72-B711-EF36559DCE43}.Debug|Any CPU.Build.0 = Debug|Any CPU
		{F554B0EF-ACF4-4F72-B711-EF36559DCE43}.Release|Any CPU.ActiveCfg = Release|Any CPU
		{F554B0EF-ACF4-4F72-B711-EF36559DCE43}.Release|Any CPU.Build.0 = Release|Any CPU
	EndGlobalSection
	GlobalSection(SolutionProperties) = preSolution
		HideSolutionNode = FALSE
	EndGlobalSection
	GlobalSection(NestedProjects) = preSolution
		{2C221D3B-5F54-4C5B-8082-318636415132} = {22000CFA-C1DC-4EBF-B900-C580F06E31CD}
		{06EB5F7C-B974-4775-A305-F175D645F7C9} = {22000CFA-C1DC-4EBF-B900-C580F06E31CD}
		{948F0CAF-3382-4E03-9A0F-0DDB206FE40D} = {22000CFA-C1DC-4EBF-B900-C580F06E31CD}
		{908717CC-C284-4C88-A13C-32B62674845D} = {22000CFA-C1DC-4EBF-B900-C580F06E31CD}
		{4DF45D0E-A50F-4FD0-8B4D-2548B256994F} = {22000CFA-C1DC-4EBF-B900-C580F06E31CD}
		{B71E5928-F956-480C-B6FF-18B65C013A59} = {22000CFA-C1DC-4EBF-B900-C580F06E31CD}
		{47853DCA-C058-42F4-B020-E9AC659C9204} = {22000CFA-C1DC-4EBF-B900-C580F06E31CD}
		{F4A8466E-4E68-4D6F-81D4-7F0892B9B5E0} = {22000CFA-C1DC-4EBF-B900-C580F06E31CD}
		{D37C09D8-2F18-4F0B-A4D3-7A12C124E070} = {22000CFA-C1DC-4EBF-B900-C580F06E31CD}
		{71962F97-5E4B-465C-9A21-2153D31992CF} = {22000CFA-C1DC-4EBF-B900-C580F06E31CD}
		{78FC0C9B-C5A9-4900-9A46-A8F544AC5343} = {22000CFA-C1DC-4EBF-B900-C580F06E31CD}
		{9003DDA9-1DD5-41A1-B907-6F378767C441} = {22000CFA-C1DC-4EBF-B900-C580F06E31CD}
		{70D916F2-9BFF-43DA-B3F7-3E0655114D48} = {E973B8E6-4308-42E8-8E37-460D40C21045}
		{B728E703-345B-4553-A8B0-B28BB6738688} = {E973B8E6-4308-42E8-8E37-460D40C21045}
		{587409A2-2470-4CC4-8F81-DB0A2B3E57A5} = {E973B8E6-4308-42E8-8E37-460D40C21045}
		{17298EA0-AF73-4F30-B6F1-2066100D7D74} = {6AE4CBAA-EC4C-4CCE-8E5B-35CC1E2606B4}
		{3979F157-DEB0-4878-AB1D-4CEF6B5A1300} = {6AE4CBAA-EC4C-4CCE-8E5B-35CC1E2606B4}
		{897F6FD8-6F90-48E4-95A5-B4429B896205} = {6AE4CBAA-EC4C-4CCE-8E5B-35CC1E2606B4}
		{EDF5D964-4C0F-4F19-B674-58A38A5E5401} = {6AE4CBAA-EC4C-4CCE-8E5B-35CC1E2606B4}
		{5EB52D3D-09FD-463A-B02A-8D9856BD3724} = {6AE4CBAA-EC4C-4CCE-8E5B-35CC1E2606B4}
		{06151055-5B80-4085-BF67-3602A90399AE} = {429C3D03-C2B0-4E42-8496-1A3FAAA96CEB}
		{9642D599-2957-4C2C-AC82-1A86311563B4} = {429C3D03-C2B0-4E42-8496-1A3FAAA96CEB}
		{945306AE-194A-44D0-A7D9-EC2468123743} = {429C3D03-C2B0-4E42-8496-1A3FAAA96CEB}
		{3F64ECDF-6090-4D09-AD28-D648617CA4E3} = {429C3D03-C2B0-4E42-8496-1A3FAAA96CEB}
		{03D35DC0-51F6-4984-B4D0-EF2A9A09F762} = {429C3D03-C2B0-4E42-8496-1A3FAAA96CEB}
		{CF891696-558F-47E4-A092-28A2565B9310} = {F16105F1-D51F-4DAF-A6C1-72B7B2B00ADC}
		{737125E6-9615-4734-B6A7-9771843BC2FD} = {F16105F1-D51F-4DAF-A6C1-72B7B2B00ADC}
		{167E2EB1-C7A2-4182-93E7-C64230CED65D} = {F16105F1-D51F-4DAF-A6C1-72B7B2B00ADC}
		{4C43484F-55A6-46B0-A11E-4EE0F62B7322} = {F16105F1-D51F-4DAF-A6C1-72B7B2B00ADC}
		{2970E429-D662-401E-817B-BD36AF46DE8C} = {F16105F1-D51F-4DAF-A6C1-72B7B2B00ADC}
		{0FD1B299-9019-4572-B106-902C2AD3DC93} = {F16105F1-D51F-4DAF-A6C1-72B7B2B00ADC}
		{10D49FFA-92D7-4BD8-98A3-67AC0B254073} = {22000CFA-C1DC-4EBF-B900-C580F06E31CD}
		{F554B0EF-ACF4-4F72-B711-EF36559DCE43} = {10D49FFA-92D7-4BD8-98A3-67AC0B254073}
	EndGlobalSection
EndGlobal
